
Microsoft Visual Studio Solution File, Format Version 12.00
# Visual Studio Version 17
VisualStudioVersion = 17.5.002.0
MinimumVisualStudioVersion = 10.0.40219.1
Project("{9A19103F-16F7-4668-BE54-9A1E7A4F7556}") = "TodoApi", "TodoApi.csproj", "{D6F01366-7E43-41D1-82D3-068BC49BD0EB}"
EndProject
Global
	GlobalSection(SolutionConfigurationPlatforms) = preSolution
		Debug|Any CPU = Debug|Any CPU
		Release|Any CPU = Release|Any CPU
	EndGlobalSection
	GlobalSection(ProjectConfigurationPlatforms) = postSolution
		{D6F01366-7E43-41D1-82D3-068BC49BD0EB}.Debug|Any CPU.ActiveCfg = Debug|Any CPU
		{D6F01366-7E43-41D1-82D3-068BC49BD0EB}.Debug|Any CPU.Build.0 = Debug|Any CPU
		{D6F01366-7E43-41D1-82D3-068BC49BD0EB}.Release|Any CPU.ActiveCfg = Release|Any CPU
		{D6F01366-7E43-41D1-82D3-068BC49BD0EB}.Release|Any CPU.Build.0 = Release|Any CPU
	EndGlobalSection
	GlobalSection(SolutionProperties) = preSolution
		HideSolutionNode = FALSE
	EndGlobalSection
	GlobalSection(ExtensibilityGlobals) = postSolution
		SolutionGuid = {B62714AC-6171-4EAB-B507-1CC79C75997B}
	EndGlobalSection
EndGlobal
